
Microsoft Visual Studio Solution File, Format Version 12.00
Project("{2150E333-8FDC-42A3-9474-1A3956D46DE8}") = "Services", "Services", "{01AB6549-313A-4260-A00F-568CB94F3B3F}"
EndProject
Project("{2150E333-8FDC-42A3-9474-1A3956D46DE8}") = "Card", "Card", "{4B2DBFB4-A8D0-47FF-A8AB-BC1103DEBDD4}"
EndProject
Project("{2150E333-8FDC-42A3-9474-1A3956D46DE8}") = "ApiGateways", "ApiGateways", "{B8DC0E48-E977-458F-A776-8CFEF495689C}"
EndProject
Project("{FAE04EC0-301F-11D3-BF4B-00C04F79EFBC}") = "Ocelot.ApiGateway", "Ocelot.ApiGateway\Ocelot.ApiGateway.csproj", "{FF904190-49AE-4681-9EE0-98492AA3DB70}"
EndProject
Project("{2150E333-8FDC-42A3-9474-1A3956D46DE8}") = "Solution Items", "Solution Items", "{76C5F06B-D894-4DFE-B9BD-8D58A736A01A}"
	ProjectSection(SolutionItems) = preProject
		compose.yaml = compose.yaml
	EndProjectSection
EndProject
Project("{FAE04EC0-301F-11D3-BF4B-00C04F79EFBC}") = "Card.API", "Card.API\Card.API.csproj", "{BA498A8F-09AC-4EAA-87EA-E2EBE7D0A0FB}"
EndProject
Project("{2150E333-8FDC-42A3-9474-1A3956D46DE8}") = "Infrastructure", "Infrastructure", "{327A3176-D481-4125-B16B-54917C9AB321}"
EndProject
Project("{FAE04EC0-301F-11D3-BF4B-00C04F79EFBC}") = "Common.Logging", "Common.Logging\Common.Logging.csproj", "{46A0D119-0B50-4E19-A5A7-83B5E4BF2AC8}"
EndProject
Project("{FAE04EC0-301F-11D3-BF4B-00C04F79EFBC}") = "Card.Domain", "Card.Domain\Card.Domain.csproj", "{B24D3657-3745-47FD-84E7-09F9B13E6CC8}"
EndProject
Project("{FAE04EC0-301F-11D3-BF4B-00C04F79EFBC}") = "Card.Application", "Card.Application\Card.Application.csproj", "{E34F4A14-90C0-41B1-9D74-14D417E91039}"
EndProject
Project("{FAE04EC0-301F-11D3-BF4B-00C04F79EFBC}") = "Card.Infrastructure", "Card.Infrastructure\Card.Infrastructure.csproj", "{FFC92105-5091-4C6C-8CD5-C3F26BF8795B}"
EndProject
Project("{E53339B2-1760-4266-BCC7-CA923CBCF16C}") = "docker-compose", "docker-compose.dcproj", "{ACE1AB99-C274-4066-9CD1-F9B996536801}"
EndProject
Project("{2150E333-8FDC-42A3-9474-1A3956D46DE8}") = "Tests", "Tests", "{681CC78A-C486-4C8C-9C3F-5A8EC3789804}"
EndProject
Project("{2150E333-8FDC-42A3-9474-1A3956D46DE8}") = "Card", "Card", "{4EDDC792-7C7A-479E-BF9A-58D08D43BCE7}"
EndProject
Project("{FAE04EC0-301F-11D3-BF4B-00C04F79EFBC}") = "Card.API.Tests", "Card.API.Tests\Card.API.Tests.csproj", "{AD34D043-7F0B-4868-B930-1A4BAF43198C}"
EndProject
Project("{FAE04EC0-301F-11D3-BF4B-00C04F79EFBC}") = "Card.Application.Tests", "Card.Application.Tests\Card.Application.Tests.csproj", "{B5FEBFCD-E42E-47B7-B417-B6737625F3ED}"
EndProject
Global
	GlobalSection(SolutionConfigurationPlatforms) = preSolution
		Debug|Any CPU = Debug|Any CPU
		Release|Any CPU = Release|Any CPU
	EndGlobalSection
	GlobalSection(NestedProjects) = preSolution
		{4B2DBFB4-A8D0-47FF-A8AB-BC1103DEBDD4} = {01AB6549-313A-4260-A00F-568CB94F3B3F}
		{FF904190-49AE-4681-9EE0-98492AA3DB70} = {B8DC0E48-E977-458F-A776-8CFEF495689C}
		{BA498A8F-09AC-4EAA-87EA-E2EBE7D0A0FB} = {4B2DBFB4-A8D0-47FF-A8AB-BC1103DEBDD4}
		{46A0D119-0B50-4E19-A5A7-83B5E4BF2AC8} = {327A3176-D481-4125-B16B-54917C9AB321}
		{B24D3657-3745-47FD-84E7-09F9B13E6CC8} = {4B2DBFB4-A8D0-47FF-A8AB-BC1103DEBDD4}
		{E34F4A14-90C0-41B1-9D74-14D417E91039} = {4B2DBFB4-A8D0-47FF-A8AB-BC1103DEBDD4}
		{FFC92105-5091-4C6C-8CD5-C3F26BF8795B} = {4B2DBFB4-A8D0-47FF-A8AB-BC1103DEBDD4}
		{4EDDC792-7C7A-479E-BF9A-58D08D43BCE7} = {681CC78A-C486-4C8C-9C3F-5A8EC3789804}
		{AD34D043-7F0B-4868-B930-1A4BAF43198C} = {4EDDC792-7C7A-479E-BF9A-58D08D43BCE7}
		{B5FEBFCD-E42E-47B7-B417-B6737625F3ED} = {4EDDC792-7C7A-479E-BF9A-58D08D43BCE7}
	EndGlobalSection
	GlobalSection(ProjectConfigurationPlatforms) = postSolution
		{FF904190-49AE-4681-9EE0-98492AA3DB70}.Debug|Any CPU.ActiveCfg = Debug|Any CPU
		{FF904190-49AE-4681-9EE0-98492AA3DB70}.Debug|Any CPU.Build.0 = Debug|Any CPU
		{FF904190-49AE-4681-9EE0-98492AA3DB70}.Release|Any CPU.ActiveCfg = Release|Any CPU
		{FF904190-49AE-4681-9EE0-98492AA3DB70}.Release|Any CPU.Build.0 = Release|Any CPU
		{BA498A8F-09AC-4EAA-87EA-E2EBE7D0A0FB}.Debug|Any CPU.ActiveCfg = Debug|Any CPU
		{BA498A8F-09AC-4EAA-87EA-E2EBE7D0A0FB}.Debug|Any CPU.Build.0 = Debug|Any CPU
		{BA498A8F-09AC-4EAA-87EA-E2EBE7D0A0FB}.Release|Any CPU.ActiveCfg = Release|Any CPU
		{BA498A8F-09AC-4EAA-87EA-E2EBE7D0A0FB}.Release|Any CPU.Build.0 = Release|Any CPU
		{46A0D119-0B50-4E19-A5A7-83B5E4BF2AC8}.Debug|Any CPU.ActiveCfg = Debug|Any CPU
		{46A0D119-0B50-4E19-A5A7-83B5E4BF2AC8}.Debug|Any CPU.Build.0 = Debug|Any CPU
		{46A0D119-0B50-4E19-A5A7-83B5E4BF2AC8}.Release|Any CPU.ActiveCfg = Release|Any CPU
		{46A0D119-0B50-4E19-A5A7-83B5E4BF2AC8}.Release|Any CPU.Build.0 = Release|Any CPU
		{B24D3657-3745-47FD-84E7-09F9B13E6CC8}.Debug|Any CPU.ActiveCfg = Debug|Any CPU
		{B24D3657-3745-47FD-84E7-09F9B13E6CC8}.Debug|Any CPU.Build.0 = Debug|Any CPU
		{B24D3657-3745-47FD-84E7-09F9B13E6CC8}.Release|Any CPU.ActiveCfg = Release|Any CPU
		{B24D3657-3745-47FD-84E7-09F9B13E6CC8}.Release|Any CPU.Build.0 = Release|Any CPU
		{E34F4A14-90C0-41B1-9D74-14D417E91039}.Debug|Any CPU.ActiveCfg = Debug|Any CPU
		{E34F4A14-90C0-41B1-9D74-14D417E91039}.Debug|Any CPU.Build.0 = Debug|Any CPU
		{E34F4A14-90C0-41B1-9D74-14D417E91039}.Release|Any CPU.ActiveCfg = Release|Any CPU
		{E34F4A14-90C0-41B1-9D74-14D417E91039}.Release|Any CPU.Build.0 = Release|Any CPU
		{FFC92105-5091-4C6C-8CD5-C3F26BF8795B}.Debug|Any CPU.ActiveCfg = Debug|Any CPU
		{FFC92105-5091-4C6C-8CD5-C3F26BF8795B}.Debug|Any CPU.Build.0 = Debug|Any CPU
		{FFC92105-5091-4C6C-8CD5-C3F26BF8795B}.Release|Any CPU.ActiveCfg = Release|Any CPU
		{FFC92105-5091-4C6C-8CD5-C3F26BF8795B}.Release|Any CPU.Build.0 = Release|Any CPU
		{48342FC1-5EBD-47D7-A31E-E9FA543E4A47}.Debug|Any CPU.ActiveCfg = Debug|Any CPU
		{48342FC1-5EBD-47D7-A31E-E9FA543E4A47}.Debug|Any CPU.Build.0 = Debug|Any CPU
		{48342FC1-5EBD-47D7-A31E-E9FA543E4A47}.Release|Any CPU.ActiveCfg = Release|Any CPU
		{48342FC1-5EBD-47D7-A31E-E9FA543E4A47}.Release|Any CPU.Build.0 = Release|Any CPU
		{AD34D043-7F0B-4868-B930-1A4BAF43198C}.Debug|Any CPU.ActiveCfg = Debug|Any CPU
		{AD34D043-7F0B-4868-B930-1A4BAF43198C}.Debug|Any CPU.Build.0 = Debug|Any CPU
		{AD34D043-7F0B-4868-B930-1A4BAF43198C}.Release|Any CPU.ActiveCfg = Release|Any CPU
		{AD34D043-7F0B-4868-B930-1A4BAF43198C}.Release|Any CPU.Build.0 = Release|Any CPU
		{B5FEBFCD-E42E-47B7-B417-B6737625F3ED}.Debug|Any CPU.ActiveCfg = Debug|Any CPU
		{B5FEBFCD-E42E-47B7-B417-B6737625F3ED}.Debug|Any CPU.Build.0 = Debug|Any CPU
		{B5FEBFCD-E42E-47B7-B417-B6737625F3ED}.Release|Any CPU.ActiveCfg = Release|Any CPU
		{B5FEBFCD-E42E-47B7-B417-B6737625F3ED}.Release|Any CPU.Build.0 = Release|Any CPU
	EndGlobalSection
EndGlobal
